// !$*UTF8*$!
{
	archiveVersion = 1;
	classes = {
	};
	objectVersion = 77;
	objects = {

/* Begin PBXFileReference section */
		950877002CD1DF8100C31D71 /* Calculator.swift */ = {isa = PBXFileReference; lastKnownFileType = sourcecode.swift; path = Calculator.swift; sourceTree = "<group>"; };
/* End PBXFileReference section */

/* Begin PBXGroup section */
		950876F92CD1DF7300C31D71 = {
			isa = PBXGroup;
			children = (
				950877002CD1DF8100C31D71 /* Calculator.swift */,
			);
			sourceTree = "<group>";
		};
/* End PBXGroup section */

/* Begin PBXProject section */
		950876FA2CD1DF7300C31D71 /* Project object */ = {
			isa = PBXProject;
			attributes = {
				BuildIndependentTargetsInParallel = 1;
				LastUpgradeCheck = 1600;
			};
			buildConfigurationList = 950876FD2CD1DF7300C31D71 /* Build configuration list for PBXProject "JustAnOrdinaryCalculator" */;
			developmentRegion = en;
			hasScannedForEncodings = 0;
			knownRegions = (
				en,
				Base,
			);
			mainGroup = 950876F92CD1DF7300C31D71;
			minimizedProjectReferenceProxies = 1;
			preferredProjectObjectVersion = 77;
			projectDirPath = "";
			projectRoot = "";
			targets = (
			);
		};
/* End PBXProject section */

/* Begin XCBuildConfiguration section */
		950876FE2CD1DF7300C31D71 /* Debug */ = {
			isa = XCBuildConfiguration;
			buildSettings = {
			};
			name = Debug;
		};
		950876FF2CD1DF7300C31D71 /* Release */ = {
			isa = XCBuildConfiguration;
			buildSettings = {
			};
			name = Release;
		};
/* End XCBuildConfiguration section */

/* Begin XCConfigurationList section */
		950876FD2CD1DF7300C31D71 /* Build configuration list for PBXProject "JustAnOrdinaryCalculator" */ = {
			isa = XCConfigurationList;
			buildConfigurations = (
				950876FE2CD1DF7300C31D71 /* Debug */,
				950876FF2CD1DF7300C31D71 /* Release */,
			);
			defaultConfigurationIsVisible = 0;
			defaultConfigurationName = Release;
		};
/* End XCConfigurationList section */
	};
	rootObject = 950876FA2CD1DF7300C31D71 /* Project object */;
}
